
Microsoft Visual Studio Solution File, Format Version 12.00
# Visual Studio Version 17
VisualStudioVersion = 17.7.34031.279
MinimumVisualStudioVersion = 10.0.40219.1
Project("{FAE04EC0-301F-11D3-BF4B-00C04F79EFBC}") = "Home Task", "ConsoleApp5\Home Task.csproj", "{4CCEB88A-F02A-4533-A35F-3823D1128C8D}"
EndProject
Global
	GlobalSection(SolutionConfigurationPlatforms) = preSolution
		Debug|Any CPU = Debug|Any CPU
		Release|Any CPU = Release|Any CPU
	EndGlobalSection
	GlobalSection(ProjectConfigurationPlatforms) = postSolution
		{4CCEB88A-F02A-4533-A35F-3823D1128C8D}.Debug|Any CPU.ActiveCfg = Debug|Any CPU
		{4CCEB88A-F02A-4533-A35F-3823D1128C8D}.Debug|Any CPU.Build.0 = Debug|Any CPU
		{4CCEB88A-F02A-4533-A35F-3823D1128C8D}.Release|Any CPU.ActiveCfg = Release|Any CPU
		{4CCEB88A-F02A-4533-A35F-3823D1128C8D}.Release|Any CPU.Build.0 = Release|Any CPU
	EndGlobalSection
	GlobalSection(SolutionProperties) = preSolution
		HideSolutionNode = FALSE
	EndGlobalSection
	GlobalSection(ExtensibilityGlobals) = postSolution
		SolutionGuid = {A90A2922-B188-4AF0-BE58-DABF82948096}
	EndGlobalSection
EndGlobal
